
Microsoft Visual Studio Solution File, Format Version 12.00
# Visual Studio Version 16
VisualStudioVersion = 16.0.30503.244
MinimumVisualStudioVersion = 10.0.40219.1
Project("{FAE04EC0-301F-11D3-BF4B-00C04F79EFBC}") = "TestApp", "TestApp\TestApp.csproj", "{3A146266-3E9C-4D4F-8632-C71506FE4186}"
EndProject
Project("{C7167F0D-BC9F-4E6E-AFE1-012C56B48DB5}") = "Test_Package", "Test_Package\Test_Package.wapproj", "{FD7299BD-F793-4471-B8D8-507D0EF4E7E9}"
EndProject
Global
	GlobalSection(SolutionConfigurationPlatforms) = preSolution
		Debug|Any CPU = Debug|Any CPU
		Debug|ARM = Debug|ARM
		Debug|ARM64 = Debug|ARM64
		Debug|x64 = Debug|x64
		Debug|x86 = Debug|x86
		Release|Any CPU = Release|Any CPU
		Release|ARM = Release|ARM
		Release|ARM64 = Release|ARM64
		Release|x64 = Release|x64
		Release|x86 = Release|x86
	EndGlobalSection
	GlobalSection(ProjectConfigurationPlatforms) = postSolution
		{3A146266-3E9C-4D4F-8632-C71506FE4186}.Debug|Any CPU.ActiveCfg = Debug|Any CPU
		{3A146266-3E9C-4D4F-8632-C71506FE4186}.Debug|Any CPU.Build.0 = Debug|Any CPU
		{3A146266-3E9C-4D4F-8632-C71506FE4186}.Debug|ARM.ActiveCfg = Debug|Any CPU
		{3A146266-3E9C-4D4F-8632-C71506FE4186}.Debug|ARM.Build.0 = Debug|Any CPU
		{3A146266-3E9C-4D4F-8632-C71506FE4186}.Debug|ARM64.ActiveCfg = Debug|Any CPU
		{3A146266-3E9C-4D4F-8632-C71506FE4186}.Debug|ARM64.Build.0 = Debug|Any CPU
		{3A146266-3E9C-4D4F-8632-C71506FE4186}.Debug|x64.ActiveCfg = Debug|Any CPU
		{3A146266-3E9C-4D4F-8632-C71506FE4186}.Debug|x64.Build.0 = Debug|Any CPU
		{3A146266-3E9C-4D4F-8632-C71506FE4186}.Debug|x86.ActiveCfg = Debug|Any CPU
		{3A146266-3E9C-4D4F-8632-C71506FE4186}.Debug|x86.Build.0 = Debug|Any CPU
		{3A146266-3E9C-4D4F-8632-C71506FE4186}.Release|Any CPU.ActiveCfg = Release|Any CPU
		{3A146266-3E9C-4D4F-8632-C71506FE4186}.Release|Any CPU.Build.0 = Release|Any CPU
		{3A146266-3E9C-4D4F-8632-C71506FE4186}.Release|ARM.ActiveCfg = Release|Any CPU
		{3A146266-3E9C-4D4F-8632-C71506FE4186}.Release|ARM.Build.0 = Release|Any CPU
		{3A146266-3E9C-4D4F-8632-C71506FE4186}.Release|ARM64.ActiveCfg = Release|Any CPU
		{3A146266-3E9C-4D4F-8632-C71506FE4186}.Release|ARM64.Build.0 = Release|Any CPU
		{3A146266-3E9C-4D4F-8632-C71506FE4186}.Release|x64.ActiveCfg = Release|Any CPU
		{3A146266-3E9C-4D4F-8632-C71506FE4186}.Release|x64.Build.0 = Release|Any CPU
		{3A146266-3E9C-4D4F-8632-C71506FE4186}.Release|x86.ActiveCfg = Release|Any CPU
		{3A146266-3E9C-4D4F-8632-C71506FE4186}.Release|x86.Build.0 = Release|Any CPU
		{FD7299BD-F793-4471-B8D8-507D0EF4E7E9}.Debug|Any CPU.ActiveCfg = Debug|Any CPU
		{FD7299BD-F793-4471-B8D8-507D0EF4E7E9}.Debug|Any CPU.Build.0 = Debug|Any CPU
		{FD7299BD-F793-4471-B8D8-507D0EF4E7E9}.Debug|Any CPU.Deploy.0 = Debug|Any CPU
		{FD7299BD-F793-4471-B8D8-507D0EF4E7E9}.Debug|ARM.ActiveCfg = Debug|ARM
		{FD7299BD-F793-4471-B8D8-507D0EF4E7E9}.Debug|ARM.Build.0 = Debug|ARM
		{FD7299BD-F793-4471-B8D8-507D0EF4E7E9}.Debug|ARM.Deploy.0 = Debug|ARM
		{FD7299BD-F793-4471-B8D8-507D0EF4E7E9}.Debug|ARM64.ActiveCfg = Debug|ARM64
		{FD7299BD-F793-4471-B8D8-507D0EF4E7E9}.Debug|ARM64.Build.0 = Debug|ARM64
		{FD7299BD-F793-4471-B8D8-507D0EF4E7E9}.Debug|ARM64.Deploy.0 = Debug|ARM64
		{FD7299BD-F793-4471-B8D8-507D0EF4E7E9}.Debug|x64.ActiveCfg = Debug|x64
		{FD7299BD-F793-4471-B8D8-507D0EF4E7E9}.Debug|x64.Build.0 = Debug|x64
		{FD7299BD-F793-4471-B8D8-507D0EF4E7E9}.Debug|x64.Deploy.0 = Debug|x64
		{FD7299BD-F793-4471-B8D8-507D0EF4E7E9}.Debug|x86.ActiveCfg = Debug|x86
		{FD7299BD-F793-4471-B8D8-507D0EF4E7E9}.Debug|x86.Build.0 = Debug|x86
		{FD7299BD-F793-4471-B8D8-507D0EF4E7E9}.Debug|x86.Deploy.0 = Debug|x86
		{FD7299BD-F793-4471-B8D8-507D0EF4E7E9}.Release|Any CPU.ActiveCfg = Release|Any CPU
		{FD7299BD-F793-4471-B8D8-507D0EF4E7E9}.Release|Any CPU.Build.0 = Release|Any CPU
		{FD7299BD-F793-4471-B8D8-507D0EF4E7E9}.Release|Any CPU.Deploy.0 = Release|Any CPU
		{FD7299BD-F793-4471-B8D8-507D0EF4E7E9}.Release|ARM.ActiveCfg = Release|ARM
		{FD7299BD-F793-4471-B8D8-507D0EF4E7E9}.Release|ARM.Build.0 = Release|ARM
		{FD7299BD-F793-4471-B8D8-507D0EF4E7E9}.Release|ARM.Deploy.0 = Release|ARM
		{FD7299BD-F793-4471-B8D8-507D0EF4E7E9}.Release|ARM64.ActiveCfg = Release|ARM64
		{FD7299BD-F793-4471-B8D8-507D0EF4E7E9}.Release|ARM64.Build.0 = Release|ARM64
		{FD7299BD-F793-4471-B8D8-507D0EF4E7E9}.Release|ARM64.Deploy.0 = Release|ARM64
		{FD7299BD-F793-4471-B8D8-507D0EF4E7E9}.Release|x64.ActiveCfg = Release|x64
		{FD7299BD-F793-4471-B8D8-507D0EF4E7E9}.Release|x64.Build.0 = Release|x64
		{FD7299BD-F793-4471-B8D8-507D0EF4E7E9}.Release|x64.Deploy.0 = Release|x64
		{FD7299BD-F793-4471-B8D8-507D0EF4E7E9}.Release|x86.ActiveCfg = Release|x86
		{FD7299BD-F793-4471-B8D8-507D0EF4E7E9}.Release|x86.Build.0 = Release|x86
		{FD7299BD-F793-4471-B8D8-507D0EF4E7E9}.Release|x86.Deploy.0 = Release|x86
	EndGlobalSection
	GlobalSection(SolutionProperties) = preSolution
		HideSolutionNode = FALSE
	EndGlobalSection
	GlobalSection(ExtensibilityGlobals) = postSolution
		SolutionGuid = {70BFD8FE-46F9-40D3-844C-530ECF9D4BED}
	EndGlobalSection
EndGlobal
